
Microsoft Visual Studio Solution File, Format Version 12.00
# Visual Studio Version 17
VisualStudioVersion = 17.10.35013.160
MinimumVisualStudioVersion = 10.0.40219.1
Project("{FAE04EC0-301F-11D3-BF4B-00C04F79EFBC}") = "Library_Management", "Library_Management\Library_Management.csproj", "{3821BC56-FBB9-44BD-8FDE-12F103E10880}"
EndProject
Global
	GlobalSection(SolutionConfigurationPlatforms) = preSolution
		Debug|Any CPU = Debug|Any CPU
		Release|Any CPU = Release|Any CPU
	EndGlobalSection
	GlobalSection(ProjectConfigurationPlatforms) = postSolution
		{3821BC56-FBB9-44BD-8FDE-12F103E10880}.Debug|Any CPU.ActiveCfg = Debug|Any CPU
		{3821BC56-FBB9-44BD-8FDE-12F103E10880}.Debug|Any CPU.Build.0 = Debug|Any CPU
		{3821BC56-FBB9-44BD-8FDE-12F103E10880}.Release|Any CPU.ActiveCfg = Release|Any CPU
		{3821BC56-FBB9-44BD-8FDE-12F103E10880}.Release|Any CPU.Build.0 = Release|Any CPU
	EndGlobalSection
	GlobalSection(SolutionProperties) = preSolution
		HideSolutionNode = FALSE
	EndGlobalSection
	GlobalSection(ExtensibilityGlobals) = postSolution
		SolutionGuid = {67B83A1B-B75F-4C04-92E2-CC9872F41167}
	EndGlobalSection
EndGlobal
